
Microsoft Visual Studio Solution File, Format Version 12.00
Project("{FAE04EC0-301F-11D3-BF4B-00C04F79EFBC}") = "PantheonsHitCounter", "PantheonsHitCounter\PantheonsHitCounter.csproj", "{AE85FE82-547E-45A4-904E-71F367E1C317}"
EndProject
Global
	GlobalSection(SolutionConfigurationPlatforms) = preSolution
		Debug|Any CPU = Debug|Any CPU
		Release|Any CPU = Release|Any CPU
	EndGlobalSection
	GlobalSection(ProjectConfigurationPlatforms) = postSolution
		{AE85FE82-547E-45A4-904E-71F367E1C317}.Debug|Any CPU.ActiveCfg = Debug|Any CPU
		{AE85FE82-547E-45A4-904E-71F367E1C317}.Debug|Any CPU.Build.0 = Debug|Any CPU
		{AE85FE82-547E-45A4-904E-71F367E1C317}.Release|Any CPU.ActiveCfg = Release|Any CPU
		{AE85FE82-547E-45A4-904E-71F367E1C317}.Release|Any CPU.Build.0 = Release|Any CPU
	EndGlobalSection
EndGlobal
